
Microsoft Visual Studio Solution File, Format Version 12.00
# Visual Studio 15
VisualStudioVersion = 15.0.27428.2037
MinimumVisualStudioVersion = 10.0.40219.1
Project("{FAE04EC0-301F-11D3-BF4B-00C04F79EFBC}") = "MVVMSample.Android", "MVVMSample\MVVMSample.Android\MVVMSample.Android.csproj", "{D11CE02F-507F-4E31-B6BE-7C9570EAB6A2}"
EndProject
Project("{D954291E-2A0B-460D-934E-DC6B0785DB48}") = "MVVMSample", "MVVMSample\MVVMSample\MVVMSample.shproj", "{F85E897F-1EC3-40CA-98E3-76FD73F35F53}"
EndProject
Global
	GlobalSection(SharedMSBuildProjectFiles) = preSolution
		MVVMSample\MVVMSample\MVVMSample.projitems*{d11ce02f-507f-4e31-b6be-7c9570eab6a2}*SharedItemsImports = 4
		MVVMSample\MVVMSample\MVVMSample.projitems*{f85e897f-1ec3-40ca-98e3-76fd73f35f53}*SharedItemsImports = 13
	EndGlobalSection
	GlobalSection(SolutionConfigurationPlatforms) = preSolution
		Debug|Any CPU = Debug|Any CPU
		Release|Any CPU = Release|Any CPU
	EndGlobalSection
	GlobalSection(ProjectConfigurationPlatforms) = postSolution
		{D11CE02F-507F-4E31-B6BE-7C9570EAB6A2}.Debug|Any CPU.ActiveCfg = Debug|Any CPU
		{D11CE02F-507F-4E31-B6BE-7C9570EAB6A2}.Debug|Any CPU.Build.0 = Debug|Any CPU
		{D11CE02F-507F-4E31-B6BE-7C9570EAB6A2}.Debug|Any CPU.Deploy.0 = Debug|Any CPU
		{D11CE02F-507F-4E31-B6BE-7C9570EAB6A2}.Release|Any CPU.ActiveCfg = Release|Any CPU
		{D11CE02F-507F-4E31-B6BE-7C9570EAB6A2}.Release|Any CPU.Build.0 = Release|Any CPU
		{D11CE02F-507F-4E31-B6BE-7C9570EAB6A2}.Release|Any CPU.Deploy.0 = Release|Any CPU
	EndGlobalSection
	GlobalSection(SolutionProperties) = preSolution
		HideSolutionNode = FALSE
	EndGlobalSection
	GlobalSection(ExtensibilityGlobals) = postSolution
		SolutionGuid = {342C9B3E-8ABE-4015-9519-194C25C1F8EC}
	EndGlobalSection
EndGlobal
